Microsoft Visual Studio Solution File, Format Version 12.00
# Visual Studio Version 17
VisualStudioVersion = 17.5.33516.290
MinimumVisualStudioVersion = 10.0.40219.1
Project("{9A19103F-16F7-4668-BE54-9A1E7A4F7556}") = "MyLab.WebErrors", "MyLab.WebErrors\MyLab.WebErrors.csproj", "{9CAF4039-4207-4158-86A3-F828B21B61BE}"
EndProject
Project("{FAE04EC0-301F-11D3-BF4B-00C04F79EFBC}") = "UnitTests", "UnitTests\UnitTests.csproj", "{D159CABF-859F-4DC4-A23F-C258B548C425}"
EndProject
Project("{FAE04EC0-301F-11D3-BF4B-00C04F79EFBC}") = "FuncTestsCore31", "FuncTestsCore31\FuncTestsCore31.csproj", "{E3186956-F3CB-4DE9-8E46-8087BC50CB60}"
EndProject
Project("{FAE04EC0-301F-11D3-BF4B-00C04F79EFBC}") = "TestServerCore31", "TestServerCore31\TestServerCore31.csproj", "{E9566B4F-9F62-4C55-AFBF-41EFF501DA65}"
EndProject
Project("{FAE04EC0-301F-11D3-BF4B-00C04F79EFBC}") = "FuncTestsNet7", "FuncTestsNet7\FuncTestsNet7.csproj", "{0784B817-D0F7-459D-B7F8-1728EBBF7744}"
EndProject
Project("{FAE04EC0-301F-11D3-BF4B-00C04F79EFBC}") = "TestServerNet7", "TestServerNet7\TestServerNet7.csproj", "{0193FCFB-14EB-42A1-883D-228E9E5933FD}"
EndProject
Global
	GlobalSection(SolutionConfigurationPlatforms) = preSolution
		Debug|Any CPU = Debug|Any CPU
		Release|Any CPU = Release|Any CPU
	EndGlobalSection
	GlobalSection(ProjectConfigurationPlatforms) = postSolution
		{9CAF4039-4207-4158-86A3-F828B21B61BE}.Debug|Any CPU.ActiveCfg = Debug|Any CPU
		{9CAF4039-4207-4158-86A3-F828B21B61BE}.Debug|Any CPU.Build.0 = Debug|Any CPU
		{9CAF4039-4207-4158-86A3-F828B21B61BE}.Release|Any CPU.ActiveCfg = Release|Any CPU
		{9CAF4039-4207-4158-86A3-F828B21B61BE}.Release|Any CPU.Build.0 = Release|Any CPU
		{D159CABF-859F-4DC4-A23F-C258B548C425}.Debug|Any CPU.ActiveCfg = Debug|Any CPU
		{D159CABF-859F-4DC4-A23F-C258B548C425}.Debug|Any CPU.Build.0 = Debug|Any CPU
		{D159CABF-859F-4DC4-A23F-C258B548C425}.Release|Any CPU.ActiveCfg = Release|Any CPU
		{D159CABF-859F-4DC4-A23F-C258B548C425}.Release|Any CPU.Build.0 = Release|Any CPU
		{E3186956-F3CB-4DE9-8E46-8087BC50CB60}.Debug|Any CPU.ActiveCfg = Debug|Any CPU
		{E3186956-F3CB-4DE9-8E46-8087BC50CB60}.Debug|Any CPU.Build.0 = Debug|Any CPU
		{E3186956-F3CB-4DE9-8E46-8087BC50CB60}.Release|Any CPU.ActiveCfg = Release|Any CPU
		{E3186956-F3CB-4DE9-8E46-8087BC50CB60}.Release|Any CPU.Build.0 = Release|Any CPU
		{E9566B4F-9F62-4C55-AFBF-41EFF501DA65}.Debug|Any CPU.ActiveCfg = Debug|Any CPU
		{E9566B4F-9F62-4C55-AFBF-41EFF501DA65}.Debug|Any CPU.Build.0 = Debug|Any CPU
		{E9566B4F-9F62-4C55-AFBF-41EFF501DA65}.Release|Any CPU.ActiveCfg = Release|Any CPU
		{E9566B4F-9F62-4C55-AFBF-41EFF501DA65}.Release|Any CPU.Build.0 = Release|Any CPU
		{0784B817-D0F7-459D-B7F8-1728EBBF7744}.Debug|Any CPU.ActiveCfg = Debug|Any CPU
		{0784B817-D0F7-459D-B7F8-1728EBBF7744}.Debug|Any CPU.Build.0 = Debug|Any CPU
		{0784B817-D0F7-459D-B7F8-1728EBBF7744}.Release|Any CPU.ActiveCfg = Release|Any CPU
		{0784B817-D0F7-459D-B7F8-1728EBBF7744}.Release|Any CPU.Build.0 = Release|Any CPU
		{0193FCFB-14EB-42A1-883D-228E9E5933FD}.Debug|Any CPU.ActiveCfg = Debug|Any CPU
		{0193FCFB-14EB-42A1-883D-228E9E5933FD}.Debug|Any CPU.Build.0 = Debug|Any CPU
		{0193FCFB-14EB-42A1-883D-228E9E5933FD}.Release|Any CPU.ActiveCfg = Release|Any CPU
		{0193FCFB-14EB-42A1-883D-228E9E5933FD}.Release|Any CPU.Build.0 = Release|Any CPU
	EndGlobalSection
	GlobalSection(SolutionProperties) = preSolution
		HideSolutionNode = FALSE
	EndGlobalSection
	GlobalSection(ExtensibilityGlobals) = postSolution
		SolutionGuid = {1ECB3FBC-7358-4076-BA2B-4C8BC286F88B}
	EndGlobalSection
EndGlobal
